
Microsoft Visual Studio Solution File, Format Version 12.00
# Visual Studio Version 16
VisualStudioVersion = 16.0.29418.71
MinimumVisualStudioVersion = 10.0.40219.1
Project("{FAE04EC0-301F-11D3-BF4B-00C04F79EFBC}") = "CreateConfigs", "CreateConfigs.csproj", "{686C2263-62E7-4A55-92A3-008265788874}"
EndProject
Project("{FAE04EC0-301F-11D3-BF4B-00C04F79EFBC}") = "BusinessLogic", "..\BusinessLogic\BusinessLogic.csproj", "{839DF3D8-F46A-42EF-8635-36172EDEF9F2}"
EndProject
Project("{FAE04EC0-301F-11D3-BF4B-00C04F79EFBC}") = "Entities", "..\Entities\Entities.csproj", "{0A5C62AB-956A-438F-B154-3DD9E2D96755}"
EndProject
Project("{FAE04EC0-301F-11D3-BF4B-00C04F79EFBC}") = "Services", "..\Services\Services.csproj", "{CCD8A5E0-2E05-491B-87C5-6EBDB1335354}"
EndProject
Global
	GlobalSection(SolutionConfigurationPlatforms) = preSolution
		Debug|Any CPU = Debug|Any CPU
		Release|Any CPU = Release|Any CPU
	EndGlobalSection
	GlobalSection(ProjectConfigurationPlatforms) = postSolution
		{686C2263-62E7-4A55-92A3-008265788874}.Debug|Any CPU.ActiveCfg = Debug|Any CPU
		{686C2263-62E7-4A55-92A3-008265788874}.Debug|Any CPU.Build.0 = Debug|Any CPU
		{686C2263-62E7-4A55-92A3-008265788874}.Release|Any CPU.ActiveCfg = Release|Any CPU
		{686C2263-62E7-4A55-92A3-008265788874}.Release|Any CPU.Build.0 = Release|Any CPU
		{839DF3D8-F46A-42EF-8635-36172EDEF9F2}.Debug|Any CPU.ActiveCfg = Debug|Any CPU
		{839DF3D8-F46A-42EF-8635-36172EDEF9F2}.Debug|Any CPU.Build.0 = Debug|Any CPU
		{839DF3D8-F46A-42EF-8635-36172EDEF9F2}.Release|Any CPU.ActiveCfg = Release|Any CPU
		{839DF3D8-F46A-42EF-8635-36172EDEF9F2}.Release|Any CPU.Build.0 = Release|Any CPU
		{0A5C62AB-956A-438F-B154-3DD9E2D96755}.Debug|Any CPU.ActiveCfg = Debug|Any CPU
		{0A5C62AB-956A-438F-B154-3DD9E2D96755}.Debug|Any CPU.Build.0 = Debug|Any CPU
		{0A5C62AB-956A-438F-B154-3DD9E2D96755}.Release|Any CPU.ActiveCfg = Release|Any CPU
		{0A5C62AB-956A-438F-B154-3DD9E2D96755}.Release|Any CPU.Build.0 = Release|Any CPU
		{CCD8A5E0-2E05-491B-87C5-6EBDB1335354}.Debug|Any CPU.ActiveCfg = Debug|Any CPU
		{CCD8A5E0-2E05-491B-87C5-6EBDB1335354}.Debug|Any CPU.Build.0 = Debug|Any CPU
		{CCD8A5E0-2E05-491B-87C5-6EBDB1335354}.Release|Any CPU.ActiveCfg = Release|Any CPU
		{CCD8A5E0-2E05-491B-87C5-6EBDB1335354}.Release|Any CPU.Build.0 = Release|Any CPU
	EndGlobalSection
	GlobalSection(SolutionProperties) = preSolution
		HideSolutionNode = FALSE
	EndGlobalSection
	GlobalSection(ExtensibilityGlobals) = postSolution
		SolutionGuid = {29B06D7C-03AD-4742-9EB0-E1C6450D1CC3}
	EndGlobalSection
EndGlobal
